
Microsoft Visual Studio Solution File, Format Version 12.00
# Visual Studio Version 17
VisualStudioVersion = 17.3.32929.385
MinimumVisualStudioVersion = 10.0.40219.1
Project("{FAE04EC0-301F-11D3-BF4B-00C04F79EFBC}") = "ClassDemoSwitch", "ClassDemoSwitch\ClassDemoSwitch.csproj", "{5B52D6FA-6D4F-42E8-95C7-F76F7935FB90}"
EndProject
Global
	GlobalSection(SolutionConfigurationPlatforms) = preSolution
		Debug|Any CPU = Debug|Any CPU
		Release|Any CPU = Release|Any CPU
	EndGlobalSection
	GlobalSection(ProjectConfigurationPlatforms) = postSolution
		{5B52D6FA-6D4F-42E8-95C7-F76F7935FB90}.Debug|Any CPU.ActiveCfg = Debug|Any CPU
		{5B52D6FA-6D4F-42E8-95C7-F76F7935FB90}.Debug|Any CPU.Build.0 = Debug|Any CPU
		{5B52D6FA-6D4F-42E8-95C7-F76F7935FB90}.Release|Any CPU.ActiveCfg = Release|Any CPU
		{5B52D6FA-6D4F-42E8-95C7-F76F7935FB90}.Release|Any CPU.Build.0 = Release|Any CPU
	EndGlobalSection
	GlobalSection(SolutionProperties) = preSolution
		HideSolutionNode = FALSE
	EndGlobalSection
	GlobalSection(ExtensibilityGlobals) = postSolution
		SolutionGuid = {A12705BE-4E5A-4FF5-80BB-B44573496C78}
	EndGlobalSection
EndGlobal
